# This file is autogenerated, do not edit; changes may be undone by the next 'dep ensure'.


[[projects]]
  digest = "1:dba68f7bbe24869618a68a59d21e8df281430aa38aaf6179aca3ae33e46ff328"
  name = "cloud.google.com/go"
  packages = [
    "compute/metadata",
    "iam",
    "internal",
    "internal/optional",
    "internal/version",
    "storage",
  ]
  pruneopts = ""
  revision = "2d3a6656c17a60b0815b7e06ab0be04eacb6e613"
  version = "v0.16.0"

[[projects]]
  digest = "1:08108caf6ec616d19308408dbd873961bdbf32dc10694d8824d162cce026dc90"
  name = "github.com/BurntSushi/toml"
  packages = ["."]
  pruneopts = ""
  revision = "b26d9c308763d68093482582cea63d69be07a0f0"
  version = "v0.3.0"

[[projects]]
  digest = "1:1451e4c257e603086221d068cc84954133033b4d6ac4a2adf00f2b3d36114f09"
  name = "github.com/Microsoft/go-winio"
  packages = ["."]
  pruneopts = ""
  revision = "78439966b38d69bf38227fbf57ac8a6fee70f69a"
  version = "v0.4.5"

[[projects]]
  branch = "master"
  digest = "1:8231650f32056a939a147c79b31ddfb7063f4c5ebaf791d35d840f3ac1c308ba"
  name = "github.com/UrbanStackOrg/urbanstack-go-packages"
  packages = ["common"]
  pruneopts = ""
  revision = "12a58d18babde93e2a1ae0137574c6e5f371e13b"

[[projects]]
  branch = "master"
  digest = "1:8600a46d1c01bcfebd4b0bbb2258f8493b7c2dfee7b4349d5e165455a7dbef16"
  name = "github.com/UrbanStackOrg/urbanstack-storage"
  packages = ["api"]
  pruneopts = ""
  revision = "cdfe986916236ca6f6559c2a31f76f7247380787"

[[projects]]
  digest = "1:9ceecb4271682fd824475d451b6abf02b99ad04e72f8de3408a9d8b7fd15b933"
  name = "github.com/ajg/form"
  packages = ["."]
  pruneopts = ""
  revision = "cc2954064ec9ea8d93917f0f87456e11d7b881ad"
  version = "v1.5"

[[projects]]
  digest = "1:588ff7b9ba0dcebfe46dde3e6e50a46e583664b11f3106d517146329863391b6"
  name = "github.com/aws/aws-sdk-go"
  packages = [
    "aws",
    "aws/awserr",
    "aws/awsutil",
    "aws/client",
    "aws/client/metadata",
    "aws/corehandlers",
    "aws/credentials",
    "aws/credentials/ec2rolecreds",
    "aws/credentials/endpointcreds",
    "aws/credentials/stscreds",
    "aws/defaults",
    "aws/ec2metadata",
    "aws/endpoints",
    "aws/request",
    "aws/session",
    "aws/signer/v4",
    "internal/shareddefaults",
    "private/protocol",
    "private/protocol/query",
    "private/protocol/query/queryutil",
    "private/protocol/rest",
    "private/protocol/restxml",
    "private/protocol/xml/xmlutil",
    "service/s3",
    "service/sts",
  ]
  pruneopts = ""
  revision = "cd721c97ef6fcfcb76b4feb14fcfead57fb01e5e"
  version = "v1.12.33"

[[projects]]
  digest = "1:0a39ec8bf5629610a4bc7873a92039ee509246da3cef1a0ea60f1ed7e5f9cea5"
  name = "github.com/davecgh/go-spew"
  packages = ["spew"]
  pruneopts = ""
  revision = "346938d642f2ec3594ed81d874461961cd0faa76"
  version = "v1.1.0"

[[projects]]
  digest = "1:3152d7c68fd4797ca2d96524b7b229cd8237e2c2b2605584ebd736cc7be2a523"
  name = "github.com/docker/distribution"
  packages = [
    "digest",
    "reference",
  ]
  pruneopts = ""
  revision = "48294d928ced5dd9b378f7fd7c6f5da3ff3f2c89"
  version = "v2.6.2"

[[projects]]
  digest = "1:d8bd37d703174b067cb6aaf4373bb66cafd012761358667a5dff52320e3316f3"
  name = "github.com/docker/docker"
  packages = [
    "api/types",
    "api/types/blkiodev",
    "api/types/container",
    "api/types/events",
    "api/types/filters",
    "api/types/mount",
    "api/types/network",
    "api/types/reference",
    "api/types/registry",
    "api/types/strslice",
    "api/types/swarm",
    "api/types/time",
    "api/types/versions",
    "api/types/volume",
    "client",
    "pkg/tlsconfig",
  ]
  pruneopts = ""
  revision = "092cba3727bb9b4a2f0e922cd6c0f93ea270e363"
  version = "v1.13.1"

[[projects]]
  digest = "1:5b20afc76a36d3994194e2612e83b51bc2b12db3d4d2a722b24474b2d0e3a890"
  name = "github.com/docker/go-connections"
  packages = [
    "nat",
    "sockets",
    "tlsconfig",
  ]
  pruneopts = ""
  revision = "3ede32e2033de7505e6500d6c868c2b9ed9f169d"
  version = "v0.3.0"

[[projects]]
  digest = "1:a406cae5eda48c01f8171bd47beb038751393f25ac06774ce04f9d6b0b703f17"
  name = "github.com/docker/go-units"
  packages = ["."]
  pruneopts = ""
  revision = "0dadbb0345b35ec7ef35e228dabb8de89a65bf52"
  version = "v0.3.2"

[[projects]]
  digest = "1:55848e643a99a9dfceb19e090ce67111328fbb1780f34c62a0430994ff85fb90"
  name = "github.com/fatih/structs"
  packages = ["."]
  pruneopts = ""
  revision = "a720dfa8df582c51dee1b36feabb906bde1588bd"
  version = "v1.0"

[[projects]]
  branch = "master"
  digest = "1:44e52e928b91a686e2b9518f7eea82ba729d227d94b69574416bbe2d9d418b33"
  name = "github.com/gavv/monotime"
  packages = ["."]
  pruneopts = ""
  revision = "6f8212e8d10df7383609d3c377ca08884d8f3ec0"

[[projects]]
  digest = "1:0402b84039f6e23da4f8d74efeedaafd39d6ad30c672334e3543c253ff894fec"
  name = "github.com/geekypanda/httpcache"
  packages = ["."]
  pruneopts = ""
  revision = "76cace3b49b4d5d13592f13e4e7024d7107a4043"
  version = "v0.0.1"

[[projects]]
  digest = "1:bbc763f3c703dc3c6a99a22c1318760099b52bc00a47a36dc4462e88eee7846b"
  name = "github.com/go-ini/ini"
  packages = ["."]
  pruneopts = ""
  revision = "32e4c1e6bc4e7d0d8451aa6b75200d19e37a536a"
  version = "v1.32.0"

[[projects]]
  branch = "master"
  digest = "1:0c739f8ca8be942325dcb9a932ca40bfb77c1bb0a637d69a53166b302eb3a3c2"
  name = "github.com/golang/protobuf"
  packages = [
    "proto",
    "protoc-gen-go/descriptor",
    "ptypes",
    "ptypes/any",
    "ptypes/duration",
    "ptypes/timestamp",
  ]
  pruneopts = ""
  revision = "1e59b77b52bf8e4b449a57e6f79f21226d571845"

[[projects]]
  branch = "master"
  digest = "1:f4add6581ebaac4eadd3370d82781c025fe767e08525d9e16cb5c126068d8726"
  name = "github.com/golang/snappy"
  packages = ["."]
  pruneopts = ""
  revision = "553a641470496b2327abcac10b36396bd98e45c9"

[[projects]]
  branch = "master"
  digest = "1:81c1d22cf59fcd2f29a2d57f5c8a2ef65f9ddc42ce604722a8bb28aa5e7de600"
  name = "github.com/google/go-github"
  packages = ["github"]
  pruneopts = ""
  revision = "414302483313784b058d0c1f3abb9b9e4e6adcea"

[[projects]]
  branch = "master"
  digest = "1:9abc49f39e3e23e262594bb4fb70abf74c0c99e94f99153f43b143805e850719"
  name = "github.com/google/go-querystring"
  packages = ["query"]
  pruneopts = ""
  revision = "53e6ce116135b80d037921a7fdd5138cf32d7a8a"

[[projects]]
  digest = "1:e097a364f4e8d8d91b9b9eeafb992d3796a41fde3eb548c1a87eb9d9f60725cf"
  name = "github.com/googleapis/gax-go"
  packages = ["."]
  pruneopts = ""
  revision = "317e0006254c44a0ac427cc52a0e083ff0b9622f"
  version = "v2.0.0"

[[projects]]
  branch = "master"
  digest = "1:2aa07a6931b73e70f07a5bd30ef30a73cd103aa06291213c4e46e3fe52822dea"
  name = "github.com/hashicorp/go-version"
  packages = ["."]
  pruneopts = ""
  revision = "fc61389e27c71d120f87031ca8c88a3428f372dd"

[[projects]]
  digest = "1:012684836b98fe30c53f8536c01325c52622f420fa27c1fb3ca8a1471c469606"
  name = "github.com/imdario/mergo"
  packages = ["."]
  pruneopts = ""
  revision = "7fe0c75c13abdee74b09fcacef5ea1c6bba6a874"
  version = "0.2.4"

[[projects]]
  digest = "1:a4151bab6e6c37f8ca60d48fe5c98e4ff6b55964699713afb02137177a268193"
  name = "github.com/imkira/go-interpol"
  packages = ["."]
  pruneopts = ""
  revision = "5accad8134979a6ac504d456a6c7f1c53da237ca"
  version = "v1.1.0"

[[projects]]
  digest = "1:54c0f6e6e143b05da98fd4c86faa337f05d5eb4ff856e8883d5f00b0f2404995"
  name = "github.com/iris-contrib/formBinder"
  packages = ["."]
  pruneopts = ""
  revision = "39c8cd740c8f5a6831bec11c534a850e02c342a3"
  version = "v4"

[[projects]]
  branch = "master"
  digest = "1:397fca27760d6dcd93edc7962c190a781dc104553bedadfc27748c0ceb88844d"
  name = "github.com/iris-contrib/httpexpect"
  packages = ["."]
  pruneopts = ""
  revision = "65e93247e7071782e760f82086e8b677cca0c78a"

[[projects]]
  digest = "1:4f767a115bc8e08576f6d38ab73c376fc1b1cd3bb5041171c9e8668cc7739b52"
  name = "github.com/jmespath/go-jmespath"
  packages = ["."]
  pruneopts = ""
  revision = "0b12d6b5"

[[projects]]
  branch = "master"
  digest = "1:4db012136c60978dc73ecbbbbbadf5d5ea52e70278b0d29922e829da87727ffc"
  name = "github.com/jmoiron/sqlx"
  packages = [
    ".",
    "reflectx",
  ]
  pruneopts = ""
  revision = "3379e5993990b1f927fc8db926485e6f6becf2d2"

[[projects]]
  digest = "1:0ac894bcc36ffd671df6de4e62db67259df6c9a7d7ec32ed7309f892596b43ad"
  name = "github.com/kataras/go-errors"
  packages = ["."]
  pruneopts = ""
  revision = "d2aaffdebcb40c69c4cb6a95e436430cde192435"
  version = "v0.0.3"

[[projects]]
  digest = "1:efac98e63940352484d2d363e73b934305c2ee31cead1a68c19856869120d96e"
  name = "github.com/klauspost/compress"
  packages = [
    "flate",
    "gzip",
    "zlib",
  ]
  pruneopts = ""
  revision = "6c8db69c4b49dd4df1fff66996cf556176d0b9bf"
  version = "v1.2.1"

[[projects]]
  digest = "1:836857de0ed12da1a713c478743d85e539fba38d948d1045cdff05d493ff51f4"
  name = "github.com/klauspost/cpuid"
  packages = ["."]
  pruneopts = ""
  revision = "ae7887de9fa5d2db4eaa8174a7eff2c1ac00f2da"
  version = "v1.1"

[[projects]]
  digest = "1:d6d5d5846b6a1438e8d08cf6b19dff7d5133e81b10fad3b1b13ebbee81bb0498"
  name = "github.com/klauspost/crc32"
  packages = ["."]
  pruneopts = ""
  revision = "cb6bfca970f6908083f26f39a79009d608efd5cd"
  version = "v1.1"

[[projects]]
  branch = "master"
  digest = "1:4620c9489ae30d11c70b3eef8b1b49f7ab237bd52dd4c956c1298be6c6ae7e8b"
  name = "github.com/lib/pq"
  packages = [
    ".",
    "oid",
  ]
  pruneopts = ""
  revision = "8c6ee72f3e6bcb1542298dd5f76cb74af9742cec"

[[projects]]
  branch = "master"
  digest = "1:3130429d4a526707f9bbbabeb6abc0194691ea9b8a85b6f2447dd8a83045a20d"
  name = "github.com/microcosm-cc/bluemonday"
  packages = ["."]
  pruneopts = ""
  revision = "68fecaef60268522d2ac3f0123cec9d3bcab7b6e"

[[projects]]
  branch = "master"
  digest = "1:ce2d2e5b5eb80eefcbb866f8fbd92df8c9e4b0af4753112c774d5949adfb1230"
  name = "github.com/moul/http2curl"
  packages = ["."]
  pruneopts = ""
  revision = "9ac6cf4d929b2fa8fd2d2e6dec5bb0feb4f4911d"

[[projects]]
  digest = "1:501cce26a54c785458b0dd54a08ddd984d4ad0c198255430d5d37cd2efe23149"
  name = "github.com/nsqio/go-nsq"
  packages = ["."]
  pruneopts = ""
  revision = "eee57a3ac4174c55924125bb15eeeda8cffb6e6f"
  version = "v1.0.7"

[[projects]]
  digest = "1:7365acd48986e205ccb8652cc746f09c8b7876030d53710ea6ef7d0bd0dcd7ca"
  name = "github.com/pkg/errors"
  packages = ["."]
  pruneopts = ""
  revision = "645ef00459ed84a119197bfb8d8205042c6df63d"
  version = "v0.8.0"

[[projects]]
  digest = "1:256484dbbcd271f9ecebc6795b2df8cad4c458dd0f5fd82a8c2fa0c29f233411"
  name = "github.com/pmezard/go-difflib"
  packages = ["difflib"]
  pruneopts = ""
  revision = "792786c7400a136282c1664665ae0a8db921c6c2"
  version = "v1.0.0"

[[projects]]
  digest = "1:b34d15368769feea9cfbaaced7ba0aae4d8960cabf1a56c2a9e17e77ec25a7ac"
  name = "github.com/rs/cors"
  packages = ["."]
  pruneopts = ""
  revision = "7af7a1e09ba336d2ea14b1ce73bf693c6837dbf6"
  version = "v1.2"

[[projects]]
  branch = "master"
  digest = "1:1ab41d73f41e4c173bdb1c0f5175987c8b50478e03e1ddae391c8ade54eabd87"
  name = "github.com/rubenv/sql-migrate"
  packages = [
    ".",
    "sqlparse",
  ]
  pruneopts = ""
  revision = "e2c068b24b5e367fdce5c208e280839f9ae0940f"

[[projects]]
  digest = "1:6da36606b21f0f6551871fc03efc272114eb772c1680d42ccce48e835b101e7e"
  name = "github.com/russross/blackfriday"
  packages = ["."]
  pruneopts = ""
  revision = "0ba0f2"

[[projects]]
  digest = "1:6b55df4b0517a459af9d3879c99330af4367adcf45f3d0d37ded80a6272ae057"
  name = "github.com/satori/go.uuid"
  packages = ["."]
  pruneopts = ""
  revision = "879c5887cd475cd7864858769793b2ceb0d44feb"
  version = "v1.1.0"

[[projects]]
  branch = "master"
  digest = "1:1ebe873a8dc99e3316c30fea2e211038c4d1fcb605eee17e00a5e91b8817925e"
  name = "github.com/sergi/go-diff"
  packages = ["diffmatchpatch"]
  pruneopts = ""
  revision = "1744e2970ca51c86172c8190fadad617561ed6e7"

[[projects]]
  digest = "1:8e7d1910593db3b38b0c3e4bf3f82bc041dfddfed5f6d36a47f3ad7e72710d8d"
  name = "github.com/stretchr/testify"
  packages = [
    "assert",
    "require",
  ]
  pruneopts = ""
  revision = "69483b4bd14f5845b5a1e55bca19e954e827f1d0"
  version = "v1.1.4"

[[projects]]
  branch = "master"
  digest = "1:857a9ecd5cb13379ecc8f798f6e6b6b574c98b9355657d91e068275f1120aaf7"
  name = "github.com/valyala/bytebufferpool"
  packages = ["."]
  pruneopts = ""
  revision = "e746df99fe4a3986f4d4f79e13c1e0117ce9c2f7"

[[projects]]
  digest = "1:7afc06eb7eae00e7920b66cf2b0ede7f755a20e93153045a3fb148dcf577d99e"
  name = "github.com/valyala/fasthttp"
  packages = [
    ".",
    "fasthttputil",
  ]
  pruneopts = ""
  revision = "d42167fd04f636e20b005e9934159e95454233c7"
  version = "v20160617"

[[projects]]
  branch = "master"
  digest = "1:dd275b17b08ad316ab1e69396a09085b65b0a728869bd406d0515f2f08ad4571"
  name = "github.com/xeipuuv/gojsonpointer"
  packages = ["."]
  pruneopts = ""
  revision = "6fe8760cad3569743d51ddbb243b26f8456742dc"

[[projects]]
  branch = "master"
  digest = "1:feb667646650e600036a4731f959e746eb755970fc2c8a3d54c66a0cde7ac69d"
  name = "github.com/xeipuuv/gojsonreference"
  packages = ["."]
  pruneopts = ""
  revision = "e02fc20de94c78484cd5ffb007f8af96be030a45"

[[projects]]
  branch = "master"
  digest = "1:4592d8c1698038a33a8a5a972e0d5fd535903ed6c630f40ff5b7072482cec6b7"
  name = "github.com/xeipuuv/gojsonschema"
  packages = ["."]
  pruneopts = ""
  revision = "212d8a0df7acfab8bdd190a7a69f0ab7376edcc8"

[[projects]]
  branch = "master"
  digest = "1:006eb3fdd1097640591b489017c7fad421ad9f20b53345da4f6f729c92ab5748"
  name = "github.com/yalp/jsonpath"
  packages = ["."]
  pruneopts = ""
  revision = "31a79c7593bb93eb10b163650d4a3e6ca190e4dc"

[[projects]]
  digest = "1:6efd3c803cf9428789a36a81c10b1bf4b5714b1ce3e641bd9baca090e615cb63"
  name = "github.com/yudai/gojsondiff"
  packages = [
    ".",
    "formatter",
  ]
  pruneopts = ""
  revision = "7b1b7adf999dab73a6eb02669c3d82dbb27a3dd6"
  version = "1.0.0"

[[projects]]
  branch = "master"
  digest = "1:9857bb2293f372b2181004d8b62179bbdb4ab0982ec6f762abe6cf2bfedaff85"
  name = "github.com/yudai/golcs"
  packages = ["."]
  pruneopts = ""
  revision = "ecda9a501e8220fae3b4b600c3db4b0ba22cfc68"

[[projects]]
  branch = "master"
  digest = "1:d3d90cd5070107f81d1cb69b7cc02628d19d0b5b86b97c48b5c3fa55d5c86a80"
  name = "golang.org/x/crypto"
  packages = [
    "acme",
    "acme/autocert",
  ]
  pruneopts = ""
  revision = "9f005a07e0d31d45e6656d241bb5c0f2efd4bc94"

[[projects]]
  branch = "master"
  digest = "1:2650fe1a8cd63a1284c5fceb97e1dfe04a8c424c942450537f811e2eb8445134"
  name = "golang.org/x/net"
  packages = [
    "context",
    "context/ctxhttp",
    "html",
    "html/atom",
    "http2",
    "http2/hpack",
    "idna",
    "internal/timeseries",
    "lex/httplex",
    "proxy",
    "publicsuffix",
    "trace",
  ]
  pruneopts = ""
  revision = "c7086645de248775cbf2373cf5ca4d2fa664b8c1"

[[projects]]
  branch = "master"
  digest = "1:75c3e1d9ce6305fca08ed4ab6f96ffbf7c6465c9da6624f09b91ee40d9311382"
  name = "golang.org/x/oauth2"
  packages = [
    ".",
    "google",
    "internal",
    "jws",
    "jwt",
  ]
  pruneopts = ""
  revision = "f95fa95eaa936d9d87489b15d1d18b97c1ba9c28"

[[projects]]
  branch = "master"
  digest = "1:b5325adfed46a37460cf615c7e9c504ba2a47559c2418a1c3bad0930f3353a90"
  name = "golang.org/x/sys"
  packages = ["windows"]
  pruneopts = ""
  revision = "82aafbf43bf885069dc71b7e7c2f9d7a614d47da"

[[projects]]
  branch = "master"
  digest = "1:7e45f011d0ae10016aa6a924ea5648c32b143b283da3542f1bb3343165c11310"
  name = "golang.org/x/text"
  packages = [
    "collate",
    "collate/build",
    "internal/colltab",
    "internal/gen",
    "internal/tag",
    "internal/triegen",
    "internal/ucd",
    "language",
    "secure/bidirule",
    "transform",
    "unicode/bidi",
    "unicode/cldr",
    "unicode/norm",
    "unicode/rangetable",
  ]
  pruneopts = ""
  revision = "88f656faf3f37f690df1a32515b479415e1a6769"

[[projects]]
  branch = "master"
  digest = "1:60812873258646c04669b20431df2f977fc64bf960eb83f4a11d3ff0ac983c00"
  name = "google.golang.org/api"
  packages = [
    "gensupport",
    "googleapi",
    "googleapi/internal/uritemplates",
    "googleapi/transport",
    "internal",
    "iterator",
    "option",
    "storage/v1",
    "transport/http",
  ]
  pruneopts = ""
  revision = "92db9b55d2aa90e54a33cfaa8caf354afae68157"

[[projects]]
  digest = "1:e0f1e7963ceef18884f909e5e68a8784edd1de9df0fa30f9c2250ea3c18222fa"
  name = "google.golang.org/appengine"
  packages = [
    ".",
    "internal",
    "internal/app_identity",
    "internal/base",
    "internal/datastore",
    "internal/log",
    "internal/modules",
    "internal/remote_api",
    "internal/urlfetch",
    "urlfetch",
  ]
  pruneopts = ""
  revision = "150dc57a1b433e64154302bdc40b6bb8aefa313a"
  version = "v1.0.0"

[[projects]]
  branch = "master"
  digest = "1:a868d23671d4763d0da201b85048e71aa9f490313bb3bd1bcff5ff7118f7244b"
  name = "google.golang.org/genproto"
  packages = [
    "googleapis/api/annotations",
    "googleapis/iam/v1",
    "googleapis/rpc/status",
  ]
  pruneopts = ""
  revision = "7f0da29060c682909f650ad8ed4e515bd74fa12a"

[[projects]]
  digest = "1:81d38213b1b363a08c0e2d54d45e67ec05f83bf365eeb645ad651f7a16ab3455"
  name = "google.golang.org/grpc"
  packages = [
    ".",
    "balancer",
    "balancer/roundrobin",
    "codes",
    "connectivity",
    "credentials",
    "encoding",
    "grpclb/grpc_lb_v1/messages",
    "grpclog",
    "internal",
    "keepalive",
    "metadata",
    "naming",
    "peer",
    "resolver",
    "resolver/dns",
    "resolver/passthrough",
    "stats",
    "status",
    "tap",
    "transport",
  ]
  pruneopts = ""
  revision = "5a9f7b402fe85096d2e1d0383435ee1876e863d0"
  version = "v1.8.0"

[[projects]]
  digest = "1:1c59d1f588f06f61d72480163b90a67f9380aca3d6c8ed6fee27d29a8d0ea515"
  name = "gopkg.in/gorp.v1"
  packages = ["."]
  pruneopts = ""
  revision = "c87af80f3cc5036b55b83d77171e156791085e2e"
  version = "v1.7.1"

[[projects]]
  digest = "1:34223d3aa8168e0a40488a219f6ae5a4dd777f777b3a2c36c6bf962601b14511"
  name = "gopkg.in/kataras/iris.v6"
  packages = [
    ".",
    "adaptors/cors",
    "adaptors/httprouter",
    "httptest",
    "middleware/basicauth",
    "middleware/logger",
  ]
  pruneopts = ""
  revision = "09a2066268f99fc8ee40ecddde8b415f76250f4b"
  source = "https://github.com/UrbanStackOrg/iris.git"
  version = "v6.2"

[[projects]]
  branch = "v2"
  digest = "1:f769ed60e075e4221612c2f4162fccc9d3795ef358fa463425e3b3d7a5debb27"
  name = "gopkg.in/yaml.v2"
  packages = ["."]
  pruneopts = ""
  revision = "287cf08546ab5e7e37d55a84f7ed3fd1db036de5"

[solve-meta]
  analyzer-name = "dep"
  analyzer-version = 1
  input-imports = [
    "github.com/UrbanStackOrg/urbanstack-go-packages/common",
    "github.com/UrbanStackOrg/urbanstack-storage/api",
    "github.com/fatih/structs",
    "github.com/jmoiron/sqlx",
    "github.com/lib/pq",
    "github.com/rubenv/sql-migrate",
    "github.com/satori/go.uuid",
    "gopkg.in/kataras/iris.v6",
    "gopkg.in/kataras/iris.v6/adaptors/cors",
    "gopkg.in/kataras/iris.v6/adaptors/httprouter",
    "gopkg.in/kataras/iris.v6/httptest",
    "gopkg.in/kataras/iris.v6/middleware/basicauth",
    "gopkg.in/kataras/iris.v6/middleware/logger",
  ]
  solver-name = "gps-cdcl"
  solver-version = 1
